
Microsoft Visual Studio Solution File, Format Version 12.00
# Visual Studio Version 16
VisualStudioVersion = 16.0.810.3
MinimumVisualStudioVersion = 10.0.40219.1
Project("{FAE04EC0-301F-11D3-BF4B-00C04F79EFBC}") = "sort_name", "sort_name\sort_name.csproj", "{51CD8B04-D20B-44A4-8A09-1D478839103E}"
EndProject
Project("{FAE04EC0-301F-11D3-BF4B-00C04F79EFBC}") = "UnitTests", "UnitTests\UnitTests.csproj", "{1BCAB375-6FCA-4842-8C08-2C2AD8EDD461}"
EndProject
Global
	GlobalSection(SolutionConfigurationPlatforms) = preSolution
		Debug|Any CPU = Debug|Any CPU
		Release|Any CPU = Release|Any CPU
	EndGlobalSection
	GlobalSection(ProjectConfigurationPlatforms) = postSolution
		{51CD8B04-D20B-44A4-8A09-1D478839103E}.Debug|Any CPU.ActiveCfg = Debug|Any CPU
		{51CD8B04-D20B-44A4-8A09-1D478839103E}.Debug|Any CPU.Build.0 = Debug|Any CPU
		{51CD8B04-D20B-44A4-8A09-1D478839103E}.Release|Any CPU.ActiveCfg = Release|Any CPU
		{51CD8B04-D20B-44A4-8A09-1D478839103E}.Release|Any CPU.Build.0 = Release|Any CPU
		{1BCAB375-6FCA-4842-8C08-2C2AD8EDD461}.Debug|Any CPU.ActiveCfg = Debug|Any CPU
		{1BCAB375-6FCA-4842-8C08-2C2AD8EDD461}.Debug|Any CPU.Build.0 = Debug|Any CPU
		{1BCAB375-6FCA-4842-8C08-2C2AD8EDD461}.Release|Any CPU.ActiveCfg = Release|Any CPU
		{1BCAB375-6FCA-4842-8C08-2C2AD8EDD461}.Release|Any CPU.Build.0 = Release|Any CPU
	EndGlobalSection
	GlobalSection(SolutionProperties) = preSolution
		HideSolutionNode = FALSE
	EndGlobalSection
	GlobalSection(ExtensibilityGlobals) = postSolution
		SolutionGuid = {090025D8-2DA5-465A-9499-D461F0E56107}
	EndGlobalSection
EndGlobal
